
Microsoft Visual Studio Solution File, Format Version 12.00
# Visual Studio Version 17
VisualStudioVersion = 17.13.35931.197
MinimumVisualStudioVersion = 10.0.40219.1
Project("{FAE04EC0-301F-11D3-BF4B-00C04F79EFBC}") = "PROG_POE_CYBERCHATBOT", "PROG_POE_CYBERCHATBOT\PROG_POE_CYBERCHATBOT.csproj", "{A76FD3A0-F45B-4FC3-968D-8B2E850CFE7E}"
EndProject
Global
	GlobalSection(SolutionConfigurationPlatforms) = preSolution
		Debug|Any CPU = Debug|Any CPU
		Release|Any CPU = Release|Any CPU
	EndGlobalSection
	GlobalSection(ProjectConfigurationPlatforms) = postSolution
		{A76FD3A0-F45B-4FC3-968D-8B2E850CFE7E}.Debug|Any CPU.ActiveCfg = Debug|Any CPU
		{A76FD3A0-F45B-4FC3-968D-8B2E850CFE7E}.Debug|Any CPU.Build.0 = Debug|Any CPU
		{A76FD3A0-F45B-4FC3-968D-8B2E850CFE7E}.Release|Any CPU.ActiveCfg = Release|Any CPU
		{A76FD3A0-F45B-4FC3-968D-8B2E850CFE7E}.Release|Any CPU.Build.0 = Release|Any CPU
	EndGlobalSection
	GlobalSection(SolutionProperties) = preSolution
		HideSolutionNode = FALSE
	EndGlobalSection
	GlobalSection(ExtensibilityGlobals) = postSolution
		SolutionGuid = {864D3D7C-71BB-4CD9-91A4-86E8C24C60B4}
	EndGlobalSection
EndGlobal
